
Microsoft Visual Studio Solution File, Format Version 12.00
# Visual Studio Version 16
VisualStudioVersion = 16.0.29911.84
MinimumVisualStudioVersion = 10.0.40219.1
Project("{FAE04EC0-301F-11D3-BF4B-00C04F79EFBC}") = "magezine", "magezine\magezine.csproj", "{AD08B825-E7E2-4855-858C-B85BACFB8DDC}"
EndProject
Global
	GlobalSection(SolutionConfigurationPlatforms) = preSolution
		Debug|Any CPU = Debug|Any CPU
		Release|Any CPU = Release|Any CPU
	EndGlobalSection
	GlobalSection(ProjectConfigurationPlatforms) = postSolution
		{AD08B825-E7E2-4855-858C-B85BACFB8DDC}.Debug|Any CPU.ActiveCfg = Debug|Any CPU
		{AD08B825-E7E2-4855-858C-B85BACFB8DDC}.Debug|Any CPU.Build.0 = Debug|Any CPU
		{AD08B825-E7E2-4855-858C-B85BACFB8DDC}.Release|Any CPU.ActiveCfg = Release|Any CPU
		{AD08B825-E7E2-4855-858C-B85BACFB8DDC}.Release|Any CPU.Build.0 = Release|Any CPU
	EndGlobalSection
	GlobalSection(SolutionProperties) = preSolution
		HideSolutionNode = FALSE
	EndGlobalSection
	GlobalSection(ExtensibilityGlobals) = postSolution
		SolutionGuid = {F4D8ECCF-66A1-411C-9732-A01C416454FC}
	EndGlobalSection
EndGlobal
